// !$*UTF8*$!
{
	archiveVersion = 1;
	classes = {
	};
	objectVersion = 55;
	objects = {

/* Begin PBXBuildFile section */
		FA317386284940B40056DBBF /* AppDelegate.swift in Sources */ = {isa = PBXBuildFile; fileRef = FA317385284940B40056DBBF /* AppDelegate.swift */; };
		FA317388284940B40056DBBF /* SceneDelegate.swift in Sources */ = {isa = PBXBuildFile; fileRef = FA317387284940B40056DBBF /* SceneDelegate.swift */; };
		FA31738A284940B40056DBBF /* ViewController.swift in Sources */ = {isa = PBXBuildFile; fileRef = FA317389284940B40056DBBF /* ViewController.swift */; };
		FA31738D284940B40056DBBF /* Main.storyboard in Resources */ = {isa = PBXBuildFile; fileRef = FA31738B284940B40056DBBF /* Main.storyboard */; };
		FA31738F284940B50056DBBF /* Assets.xcassets in Resources */ = {isa = PBXBuildFile; fileRef = FA31738E284940B50056DBBF /* Assets.xcassets */; };
		FA317392284940B50056DBBF /* LaunchScreen.storyboard in Resources */ = {isa = PBXBuildFile; fileRef = FA317390284940B50056DBBF /* LaunchScreen.storyboard */; };
		FA31739D284940B60056DBBF /* gogo_gs_webviewTests.swift in Sources */ = {isa = PBXBuildFile; fileRef = FA31739C284940B60056DBBF /* gogo_gs_webviewTests.swift */; };
		FA3173A7284940B60056DBBF /* gogo_gs_webviewUITests.swift in Sources */ = {isa = PBXBuildFile; fileRef = FA3173A6284940B60056DBBF /* gogo_gs_webviewUITests.swift */; };
		FA3173A9284940B60056DBBF /* gogo_gs_webviewUITestsLaunchTests.swift in Sources */ = {isa = PBXBuildFile; fileRef = FA3173A8284940B60056DBBF /* gogo_gs_webviewUITestsLaunchTests.swift */; };
/* End PBXBuildFile section */

/* Begin PBXContainerItemProxy section */
		FA317399284940B60056DBBF /* PBXContainerItemProxy */ = {
			isa = PBXContainerItemProxy;
			containerPortal = FA31737A284940B40056DBBF /* Project object */;
			proxyType = 1;
			remoteGlobalIDString = FA317381284940B40056DBBF;
			remoteInfo = gogo.gs_webview;
		};
		FA3173A3284940B60056DBBF /* PBXContainerItemProxy */ = {
			isa = PBXContainerItemProxy;
			containerPortal = FA31737A284940B40056DBBF /* Project object */;
			proxyType = 1;
			remoteGlobalIDString = FA317381284940B40056DBBF;
			remoteInfo = gogo.gs_webview;
		};
/* End PBXContainerItemProxy section */

/* Begin PBXFileReference section */
		FA317382284940B40056DBBF /* gogo.gs_webview.app */ = {isa = PBXFileReference; explicitFileType = wrapper.application; includeInIndex = 0; path = gogo.gs_webview.app; sourceTree = BUILT_PRODUCTS_DIR; };
		FA317385284940B40056DBBF /* AppDelegate.swift */ = {isa = PBXFileReference; lastKnownFileType = sourcecode.swift; path = AppDelegate.swift; sourceTree = "<group>"; };
		FA317387284940B40056DBBF /* SceneDelegate.swift */ = {isa = PBXFileReference; lastKnownFileType = sourcecode.swift; path = SceneDelegate.swift; sourceTree = "<group>"; };
		FA317389284940B40056DBBF /* ViewController.swift */ = {isa = PBXFileReference; lastKnownFileType = sourcecode.swift; path = ViewController.swift; sourceTree = "<group>"; };
		FA31738C284940B40056DBBF /* Base */ = {isa = PBXFileReference; lastKnownFileType = file.storyboard; name = Base; path = Base.lproj/Main.storyboard; sourceTree = "<group>"; };
		FA31738E284940B50056DBBF /* Assets.xcassets */ = {isa = PBXFileReference; lastKnownFileType = folder.assetcatalog; path = Assets.xcassets; sourceTree = "<group>"; };
		FA317391284940B50056DBBF /* Base */ = {isa = PBXFileReference; lastKnownFileType = file.storyboard; name = Base; path = Base.lproj/LaunchScreen.storyboard; sourceTree = "<group>"; };
		FA317393284940B50056DBBF /* Info.plist */ = {isa = PBXFileReference; lastKnownFileType = text.plist.xml; path = Info.plist; sourceTree = "<group>"; };
		FA317398284940B60056DBBF /* gogo.gs_webviewTests.xctest */ = {isa = PBXFileReference; explicitFileType = wrapper.cfbundle; includeInIndex = 0; path = gogo.gs_webviewTests.xctest; sourceTree = BUILT_PRODUCTS_DIR; };
		FA31739C284940B60056DBBF /* gogo_gs_webviewTests.swift */ = {isa = PBXFileReference; lastKnownFileType = sourcecode.swift; path = gogo_gs_webviewTests.swift; sourceTree = "<group>"; };
		FA3173A2284940B60056DBBF /* gogo.gs_webviewUITests.xctest */ = {isa = PBXFileReference; explicitFileType = wrapper.cfbundle; includeInIndex = 0; path = gogo.gs_webviewUITests.xctest; sourceTree = BUILT_PRODUCTS_DIR; };
		FA3173A6284940B60056DBBF /* gogo_gs_webviewUITests.swift */ = {isa = PBXFileReference; lastKnownFileType = sourcecode.swift; path = gogo_gs_webviewUITests.swift; sourceTree = "<group>"; };
		FA3173A8284940B60056DBBF /* gogo_gs_webviewUITestsLaunchTests.swift */ = {isa = PBXFileReference; lastKnownFileType = sourcecode.swift; path = gogo_gs_webviewUITestsLaunchTests.swift; sourceTree = "<group>"; };
/* End PBXFileReference section */

/* Begin PBXFrameworksBuildPhase section */
		FA31737F284940B40056DBBF /* Frameworks */ = {
			isa = PBXFrameworksBuildPhase;
			buildActionMask = 2147483647;
			files = (
			);
			runOnlyForDeploymentPostprocessing = 0;
		};
		FA317395284940B60056DBBF /* Frameworks */ = {
			isa = PBXFrameworksBuildPhase;
			buildActionMask = 2147483647;
			files = (
			);
			runOnlyForDeploymentPostprocessing = 0;
		};
		FA31739F284940B60056DBBF /* Frameworks */ = {
			isa = PBXFrameworksBuildPhase;
			buildActionMask = 2147483647;
			files = (
			);
			runOnlyForDeploymentPostprocessing = 0;
		};
/* End PBXFrameworksBuildPhase section */

/* Begin PBXGroup section */
		FA317379284940B40056DBBF = {
			isa = PBXGroup;
			children = (
				FA317384284940B40056DBBF /* gogo.gs_webview */,
				FA31739B284940B60056DBBF /* gogo.gs_webviewTests */,
				FA3173A5284940B60056DBBF /* gogo.gs_webviewUITests */,
				FA317383284940B40056DBBF /* Products */,
			);
			sourceTree = "<group>";
		};
		FA317383284940B40056DBBF /* Products */ = {
			isa = PBXGroup;
			children = (
				FA317382284940B40056DBBF /* gogo.gs_webview.app */,
				FA317398284940B60056DBBF /* gogo.gs_webviewTests.xctest */,
				FA3173A2284940B60056DBBF /* gogo.gs_webviewUITests.xctest */,
			);
			name = Products;
			sourceTree = "<group>";
		};
		FA317384284940B40056DBBF /* gogo.gs_webview */ = {
			isa = PBXGroup;
			children = (
				FA317385284940B40056DBBF /* AppDelegate.swift */,
				FA317387284940B40056DBBF /* SceneDelegate.swift */,
				FA317389284940B40056DBBF /* ViewController.swift */,
				FA31738B284940B40056DBBF /* Main.storyboard */,
				FA31738E284940B50056DBBF /* Assets.xcassets */,
				FA317390284940B50056DBBF /* LaunchScreen.storyboard */,
				FA317393284940B50056DBBF /* Info.plist */,
			);
			path = gogo.gs_webview;
			sourceTree = "<group>";
		};
		FA31739B284940B60056DBBF /* gogo.gs_webviewTests */ = {
			isa = PBXGroup;
			children = (
				FA31739C284940B60056DBBF /* gogo_gs_webviewTests.swift */,
			);
			path = gogo.gs_webviewTests;
			sourceTree = "<group>";
		};
		FA3173A5284940B60056DBBF /* gogo.gs_webviewUITests */ = {
			isa = PBXGroup;
			children = (
				FA3173A6284940B60056DBBF /* gogo_gs_webviewUITests.swift */,
				FA3173A8284940B60056DBBF /* gogo_gs_webviewUITestsLaunchTests.swift */,
			);
			path = gogo.gs_webviewUITests;
			sourceTree = "<group>";
		};
/* End PBXGroup section */

/* Begin PBXNativeTarget section */
		FA317381284940B40056DBBF /* gogo.gs_webview */ = {
			isa = PBXNativeTarget;
			buildConfigurationList = FA3173AC284940B60056DBBF /* Build configuration list for PBXNativeTarget "gogo.gs_webview" */;
			buildPhases = (
				FA31737E284940B40056DBBF /* Sources */,
				FA31737F284940B40056DBBF /* Frameworks */,
				FA317380284940B40056DBBF /* Resources */,
			);
			buildRules = (
			);
			dependencies = (
			);
			name = gogo.gs_webview;
			productName = gogo.gs_webview;
			productReference = FA317382284940B40056DBBF /* gogo.gs_webview.app */;
			productType = "com.apple.product-type.application";
		};
		FA317397284940B60056DBBF /* gogo.gs_webviewTests */ = {
			isa = PBXNativeTarget;
			buildConfigurationList = FA3173AF284940B60056DBBF /* Build configuration list for PBXNativeTarget "gogo.gs_webviewTests" */;
			buildPhases = (
				FA317394284940B60056DBBF /* Sources */,
				FA317395284940B60056DBBF /* Frameworks */,
				FA317396284940B60056DBBF /* Resources */,
			);
			buildRules = (
			);
			dependencies = (
				FA31739A284940B60056DBBF /* PBXTargetDependency */,
			);
			name = gogo.gs_webviewTests;
			productName = gogo.gs_webviewTests;
			productReference = FA317398284940B60056DBBF /* gogo.gs_webviewTests.xctest */;
			productType = "com.apple.product-type.bundle.unit-test";
		};
		FA3173A1284940B60056DBBF /* gogo.gs_webviewUITests */ = {
			isa = PBXNativeTarget;
			buildConfigurationList = FA3173B2284940B60056DBBF /* Build configuration list for PBXNativeTarget "gogo.gs_webviewUITests" */;
			buildPhases = (
				FA31739E284940B60056DBBF /* Sources */,
				FA31739F284940B60056DBBF /* Frameworks */,
				FA3173A0284940B60056DBBF /* Resources */,
			);
			buildRules = (
			);
			dependencies = (
				FA3173A4284940B60056DBBF /* PBXTargetDependency */,
			);
			name = gogo.gs_webviewUITests;
			productName = gogo.gs_webviewUITests;
			productReference = FA3173A2284940B60056DBBF /* gogo.gs_webviewUITests.xctest */;
			productType = "com.apple.product-type.bundle.ui-testing";
		};
/* End PBXNativeTarget section */

/* Begin PBXProject section */
		FA31737A284940B40056DBBF /* Project object */ = {
			isa = PBXProject;
			attributes = {
				BuildIndependentTargetsInParallel = 1;
				LastSwiftUpdateCheck = 1340;
				LastUpgradeCheck = 1340;
				TargetAttributes = {
					FA317381284940B40056DBBF = {
						CreatedOnToolsVersion = 13.4;
					};
					FA317397284940B60056DBBF = {
						CreatedOnToolsVersion = 13.4;
						TestTargetID = FA317381284940B40056DBBF;
					};
					FA3173A1284940B60056DBBF = {
						CreatedOnToolsVersion = 13.4;
						TestTargetID = FA317381284940B40056DBBF;
					};
				};
			};
			buildConfigurationList = FA31737D284940B40056DBBF /* Build configuration list for PBXProject "gogo.gs_webview" */;
			compatibilityVersion = "Xcode 13.0";
			developmentRegion = en;
			hasScannedForEncodings = 0;
			knownRegions = (
				en,
				Base,
			);
			mainGroup = FA317379284940B40056DBBF;
			productRefGroup = FA317383284940B40056DBBF /* Products */;
			projectDirPath = "";
			projectRoot = "";
			targets = (
				FA317381284940B40056DBBF /* gogo.gs_webview */,
				FA317397284940B60056DBBF /* gogo.gs_webviewTests */,
				FA3173A1284940B60056DBBF /* gogo.gs_webviewUITests */,
			);
		};
/* End PBXProject section */

/* Begin PBXResourcesBuildPhase section */
		FA317380284940B40056DBBF /* Resources */ = {
			isa = PBXResourcesBuildPhase;
			buildActionMask = 2147483647;
			files = (
				FA317392284940B50056DBBF /* LaunchScreen.storyboard in Resources */,
				FA31738F284940B50056DBBF /* Assets.xcassets in Resources */,
				FA31738D284940B40056DBBF /* Main.storyboard in Resources */,
			);
			runOnlyForDeploymentPostprocessing = 0;
		};
		FA317396284940B60056DBBF /* Resources */ = {
			isa = PBXResourcesBuildPhase;
			buildActionMask = 2147483647;
			files = (
			);
			runOnlyForDeploymentPostprocessing = 0;
		};
		FA3173A0284940B60056DBBF /* Resources */ = {
			isa = PBXResourcesBuildPhase;
			buildActionMask = 2147483647;
			files = (
			);
			runOnlyForDeploymentPostprocessing = 0;
		};
/* End PBXResourcesBuildPhase section */

/* Begin PBXSourcesBuildPhase section */
		FA31737E284940B40056DBBF /* Sources */ = {
			isa = PBXSourcesBuildPhase;
			buildActionMask = 2147483647;
			files = (
				FA31738A284940B40056DBBF /* ViewController.swift in Sources */,
				FA317386284940B40056DBBF /* AppDelegate.swift in Sources */,
				FA317388284940B40056DBBF /* SceneDelegate.swift in Sources */,
			);
			runOnlyForDeploymentPostprocessing = 0;
		};
		FA317394284940B60056DBBF /* Sources */ = {
			isa = PBXSourcesBuildPhase;
			buildActionMask = 2147483647;
			files = (
				FA31739D284940B60056DBBF /* gogo_gs_webviewTests.swift in Sources */,
			);
			runOnlyForDeploymentPostprocessing = 0;
		};
		FA31739E284940B60056DBBF /* Sources */ = {
			isa = PBXSourcesBuildPhase;
			buildActionMask = 2147483647;
			files = (
				FA3173A9284940B60056DBBF /* gogo_gs_webviewUITestsLaunchTests.swift in Sources */,
				FA3173A7284940B60056DBBF /* gogo_gs_webviewUITests.swift in Sources */,
			);
			runOnlyForDeploymentPostprocessing = 0;
		};
/* End PBXSourcesBuildPhase section */

/* Begin PBXTargetDependency section */
		FA31739A284940B60056DBBF /* PBXTargetDependency */ = {
			isa = PBXTargetDependency;
			target = FA317381284940B40056DBBF /* gogo.gs_webview */;
			targetProxy = FA317399284940B60056DBBF /* PBXContainerItemProxy */;
		};
		FA3173A4284940B60056DBBF /* PBXTargetDependency */ = {
			isa = PBXTargetDependency;
			target = FA317381284940B40056DBBF /* gogo.gs_webview */;
			targetProxy = FA3173A3284940B60056DBBF /* PBXContainerItemProxy */;
		};
/* End PBXTargetDependency section */

/* Begin PBXVariantGroup section */
		FA31738B284940B40056DBBF /* Main.storyboard */ = {
			isa = PBXVariantGroup;
			children = (
				FA31738C284940B40056DBBF /* Base */,
			);
			name = Main.storyboard;
			sourceTree = "<group>";
		};
		FA317390284940B50056DBBF /* LaunchScreen.storyboard */ = {
			isa = PBXVariantGroup;
			children = (
				FA317391284940B50056DBBF /* Base */,
			);
			name = LaunchScreen.storyboard;
			sourceTree = "<group>";
		};
/* End PBXVariantGroup section */

/* Begin XCBuildConfiguration section */
		FA3173AA284940B60056DBBF /* Debug */ = {
			isa = XCBuildConfiguration;
			buildSettings = {
				ALWAYS_SEARCH_USER_PATHS = NO;
				CLANG_ANALYZER_NONNULL = YES;
				CLANG_ANALYZER_NUMBER_OBJECT_CONVERSION = YES_AGGRESSIVE;
				CLANG_CXX_LANGUAGE_STANDARD = "gnu++17";
				CLANG_ENABLE_MODULES = YES;
				CLANG_ENABLE_OBJC_ARC = YES;
				CLANG_ENABLE_OBJC_WEAK = YES;
				CLANG_WARN_BLOCK_CAPTURE_AUTORELEASING = YES;
				CLANG_WARN_BOOL_CONVERSION = YES;
				CLANG_WARN_COMMA = YES;
				CLANG_WARN_CONSTANT_CONVERSION = YES;
				CLANG_WARN_DEPRECATED_OBJC_IMPLEMENTATIONS = YES;
				CLANG_WARN_DIRECT_OBJC_ISA_USAGE = YES_ERROR;
				CLANG_WARN_DOCUMENTATION_COMMENTS = YES;
				CLANG_WARN_EMPTY_BODY = YES;
				CLANG_WARN_ENUM_CONVERSION = YES;
				CLANG_WARN_INFINITE_RECURSION = YES;
				CLANG_WARN_INT_CONVERSION = YES;
				CLANG_WARN_NON_LITERAL_NULL_CONVERSION = YES;
				CLANG_WARN_OBJC_IMPLICIT_RETAIN_SELF = YES;
				CLANG_WARN_OBJC_LITERAL_CONVERSION = YES;
				CLANG_WARN_OBJC_ROOT_CLASS = YES_ERROR;
				CLANG_WARN_QUOTED_INCLUDE_IN_FRAMEWORK_HEADER = YES;
				CLANG_WARN_RANGE_LOOP_ANALYSIS = YES;
				CLANG_WARN_STRICT_PROTOTYPES = YES;
				CLANG_WARN_SUSPICIOUS_MOVE = YES;
				CLANG_WARN_UNGUARDED_AVAILABILITY = YES_AGGRESSIVE;
				CLANG_WARN_UNREACHABLE_CODE = YES;
				CLANG_WARN__DUPLICATE_METHOD_MATCH = YES;
				COPY_PHASE_STRIP = NO;
				DEBUG_INFORMATION_FORMAT = dwarf;
				ENABLE_STRICT_OBJC_MSGSEND = YES;
				ENABLE_TESTABILITY = YES;
				GCC_C_LANGUAGE_STANDARD = gnu11;
				GCC_DYNAMIC_NO_PIC = NO;
				GCC_NO_COMMON_BLOCKS = YES;
				GCC_OPTIMIZATION_LEVEL = 0;
				GCC_PREPROCESSOR_DEFINITIONS = (
					"DEBUG=1",
					"$(inherited)",
				);
				GCC_WARN_64_TO_32_BIT_CONVERSION = YES;
				GCC_WARN_ABOUT_RETURN_TYPE = YES_ERROR;
				GCC_WARN_UNDECLARED_SELECTOR = YES;
				GCC_WARN_UNINITIALIZED_AUTOS = YES_AGGRESSIVE;
				GCC_WARN_UNUSED_FUNCTION = YES;
				GCC_WARN_UNUSED_VARIABLE = YES;
				IPHONEOS_DEPLOYMENT_TARGET = 15.4;
				MTL_ENABLE_DEBUG_INFO = INCLUDE_SOURCE;
				MTL_FAST_MATH = YES;
				ONLY_ACTIVE_ARCH = YES;
				SDKROOT = iphoneos;
				SWIFT_ACTIVE_COMPILATION_CONDITIONS = DEBUG;
				SWIFT_OPTIMIZATION_LEVEL = "-Onone";
			};
			name = Debug;
		};
		FA3173AB284940B60056DBBF /* Release */ = {
			isa = XCBuildConfiguration;
			buildSettings = {
				ALWAYS_SEARCH_USER_PATHS = NO;
				CLANG_ANALYZER_NONNULL = YES;
				CLANG_ANALYZER_NUMBER_OBJECT_CONVERSION = YES_AGGRESSIVE;
				CLANG_CXX_LANGUAGE_STANDARD = "gnu++17";
				CLANG_ENABLE_MODULES = YES;
				CLANG_ENABLE_OBJC_ARC = YES;
				CLANG_ENABLE_OBJC_WEAK = YES;
				CLANG_WARN_BLOCK_CAPTURE_AUTORELEASING = YES;
				CLANG_WARN_BOOL_CONVERSION = YES;
				CLANG_WARN_COMMA = YES;
				CLANG_WARN_CONSTANT_CONVERSION = YES;
				CLANG_WARN_DEPRECATED_OBJC_IMPLEMENTATIONS = YES;
				CLANG_WARN_DIRECT_OBJC_ISA_USAGE = YES_ERROR;
				CLANG_WARN_DOCUMENTATION_COMMENTS = YES;
				CLANG_WARN_EMPTY_BODY = YES;
				CLANG_WARN_ENUM_CONVERSION = YES;
				CLANG_WARN_INFINITE_RECURSION = YES;
				CLANG_WARN_INT_CONVERSION = YES;
				CLANG_WARN_NON_LITERAL_NULL_CONVERSION = YES;
				CLANG_WARN_OBJC_IMPLICIT_RETAIN_SELF = YES;
				CLANG_WARN_OBJC_LITERAL_CONVERSION = YES;
				CLANG_WARN_OBJC_ROOT_CLASS = YES_ERROR;
				CLANG_WARN_QUOTED_INCLUDE_IN_FRAMEWORK_HEADER = YES;
				CLANG_WARN_RANGE_LOOP_ANALYSIS = YES;
				CLANG_WARN_STRICT_PROTOTYPES = YES;
				CLANG_WARN_SUSPICIOUS_MOVE = YES;
				CLANG_WARN_UNGUARDED_AVAILABILITY = YES_AGGRESSIVE;
				CLANG_WARN_UNREACHABLE_CODE = YES;
				CLANG_WARN__DUPLICATE_METHOD_MATCH = YES;
				COPY_PHASE_STRIP = NO;
				DEBUG_INFORMATION_FORMAT = "dwarf-with-dsym";
				ENABLE_NS_ASSERTIONS = NO;
				ENABLE_STRICT_OBJC_MSGSEND = YES;
				GCC_C_LANGUAGE_STANDARD = gnu11;
				GCC_NO_COMMON_BLOCKS = YES;
				GCC_WARN_64_TO_32_BIT_CONVERSION = YES;
				GCC_WARN_ABOUT_RETURN_TYPE = YES_ERROR;
				GCC_WARN_UNDECLARED_SELECTOR = YES;
				GCC_WARN_UNINITIALIZED_AUTOS = YES_AGGRESSIVE;
				GCC_WARN_UNUSED_FUNCTION = YES;
				GCC_WARN_UNUSED_VARIABLE = YES;
				IPHONEOS_DEPLOYMENT_TARGET = 15.4;
				MTL_ENABLE_DEBUG_INFO = NO;
				MTL_FAST_MATH = YES;
				SDKROOT = iphoneos;
				SWIFT_COMPILATION_MODE = wholemodule;
				SWIFT_OPTIMIZATION_LEVEL = "-O";
				VALIDATE_PRODUCT = YES;
			};
			name = Release;
		};
		FA3173AD284940B60056DBBF /* Debug */ = {
			isa = XCBuildConfiguration;
			buildSettings = {
				ASSETCATALOG_COMPILER_APPICON_NAME = AppIcon;
				ASSETCATALOG_COMPILER_GLOBAL_ACCENT_COLOR_NAME = AccentColor;
				CODE_SIGN_STYLE = Automatic;
				CURRENT_PROJECT_VERSION = 1;
				DEVELOPMENT_TEAM = 363SNWAACJ;
				GENERATE_INFOPLIST_FILE = YES;
				INFOPLIST_FILE = gogo.gs_webview/Info.plist;
				INFOPLIST_KEY_UIApplicationSupportsIndirectInputEvents = YES;
				INFOPLIST_KEY_UILaunchStoryboardName = LaunchScreen;
				INFOPLIST_KEY_UIMainStoryboardFile = Main;
				INFOPLIST_KEY_UISupportedInterfaceOrientations_iPad = "UIInterfaceOrientationPortrait UIInterfaceOrientationPortraitUpsideDown UIInterfaceOrientationLandscapeLeft UIInterfaceOrientationLandscapeRight";
				INFOPLIST_KEY_UISupportedInterfaceOrientations_iPhone = "UIInterfaceOrientationPortrait UIInterfaceOrientationLandscapeLeft UIInterfaceOrientationLandscapeRight";
				LD_RUNPATH_SEARCH_PATHS = (
					"$(inherited)",
					"@executable_path/Frameworks",
				);
				MARKETING_VERSION = 1.0;
				PRODUCT_BUNDLE_IDENTIFIER = "bravrr.bounceme.net.gogo-gs-webview";
				PRODUCT_NAME = "$(TARGET_NAME)";
				SWIFT_EMIT_LOC_STRINGS = YES;
				SWIFT_VERSION = 5.0;
				TARGETED_DEVICE_FAMILY = "1,2";
			};
			name = Debug;
		};
		FA3173AE284940B60056DBBF /* Release */ = {
			isa = XCBuildConfiguration;
			buildSettings = {
				ASSETCATALOG_COMPILER_APPICON_NAME = AppIcon;
				ASSETCATALOG_COMPILER_GLOBAL_ACCENT_COLOR_NAME = AccentColor;
				CODE_SIGN_STYLE = Automatic;
				CURRENT_PROJECT_VERSION = 1;
				DEVELOPMENT_TEAM = 363SNWAACJ;
				GENERATE_INFOPLIST_FILE = YES;
				INFOPLIST_FILE = gogo.gs_webview/Info.plist;
				INFOPLIST_KEY_UIApplicationSupportsIndirectInputEvents = YES;
				INFOPLIST_KEY_UILaunchStoryboardName = LaunchScreen;
				INFOPLIST_KEY_UIMainStoryboardFile = Main;
				INFOPLIST_KEY_UISupportedInterfaceOrientations_iPad = "UIInterfaceOrientationPortrait UIInterfaceOrientationPortraitUpsideDown UIInterfaceOrientationLandscapeLeft UIInterfaceOrientationLandscapeRight";
				INFOPLIST_KEY_UISupportedInterfaceOrientations_iPhone = "UIInterfaceOrientationPortrait UIInterfaceOrientationLandscapeLeft UIInterfaceOrientationLandscapeRight";
				LD_RUNPATH_SEARCH_PATHS = (
					"$(inherited)",
					"@executable_path/Frameworks",
				);
				MARKETING_VERSION = 1.0;
				PRODUCT_BUNDLE_IDENTIFIER = "bravrr.bounceme.net.gogo-gs-webview";
				PRODUCT_NAME = "$(TARGET_NAME)";
				SWIFT_EMIT_LOC_STRINGS = YES;
				SWIFT_VERSION = 5.0;
				TARGETED_DEVICE_FAMILY = "1,2";
			};
			name = Release;
		};
		FA3173B0284940B60056DBBF /* Debug */ = {
			isa = XCBuildConfiguration;
			buildSettings = {
				ALWAYS_EMBED_SWIFT_STANDARD_LIBRARIES = YES;
				BUNDLE_LOADER = "$(TEST_HOST)";
				CODE_SIGN_STYLE = Automatic;
				CURRENT_PROJECT_VERSION = 1;
				DEVELOPMENT_TEAM = 363SNWAACJ;
				GENERATE_INFOPLIST_FILE = YES;
				IPHONEOS_DEPLOYMENT_TARGET = 15.5;
				MARKETING_VERSION = 1.0;
				PRODUCT_BUNDLE_IDENTIFIER = "bravrr.bounceme.net.gogo-gs-webviewTests";
				PRODUCT_NAME = "$(TARGET_NAME)";
				SWIFT_EMIT_LOC_STRINGS = NO;
				SWIFT_VERSION = 5.0;
				TARGETED_DEVICE_FAMILY = "1,2";
				TEST_HOST = "$(BUILT_PRODUCTS_DIR)/gogo.gs_webview.app/gogo.gs_webview";
			};
			name = Debug;
		};
		FA3173B1284940B60056DBBF /* Release */ = {
			isa = XCBuildConfiguration;
			buildSettings = {
				ALWAYS_EMBED_SWIFT_STANDARD_LIBRARIES = YES;
				BUNDLE_LOADER = "$(TEST_HOST)";
				CODE_SIGN_STYLE = Automatic;
				CURRENT_PROJECT_VERSION = 1;
				DEVELOPMENT_TEAM = 363SNWAACJ;
				GENERATE_INFOPLIST_FILE = YES;
				IPHONEOS_DEPLOYMENT_TARGET = 15.5;
				MARKETING_VERSION = 1.0;
				PRODUCT_BUNDLE_IDENTIFIER = "bravrr.bounceme.net.gogo-gs-webviewTests";
				PRODUCT_NAME = "$(TARGET_NAME)";
				SWIFT_EMIT_LOC_STRINGS = NO;
				SWIFT_VERSION = 5.0;
				TARGETED_DEVICE_FAMILY = "1,2";
				TEST_HOST = "$(BUILT_PRODUCTS_DIR)/gogo.gs_webview.app/gogo.gs_webview";
			};
			name = Release;
		};
		FA3173B3284940B60056DBBF /* Debug */ = {
			isa = XCBuildConfiguration;
			buildSettings = {
				ALWAYS_EMBED_SWIFT_STANDARD_LIBRARIES = YES;
				CODE_SIGN_STYLE = Automatic;
				CURRENT_PROJECT_VERSION = 1;
				DEVELOPMENT_TEAM = 363SNWAACJ;
				GENERATE_INFOPLIST_FILE = YES;
				MARKETING_VERSION = 1.0;
				PRODUCT_BUNDLE_IDENTIFIER = "bravrr.bounceme.net.gogo-gs-webviewUITests";
				PRODUCT_NAME = "$(TARGET_NAME)";
				SWIFT_EMIT_LOC_STRINGS = NO;
				SWIFT_VERSION = 5.0;
				TARGETED_DEVICE_FAMILY = "1,2";
				TEST_TARGET_NAME = gogo.gs_webview;
			};
			name = Debug;
		};
		FA3173B4284940B60056DBBF /* Release */ = {
			isa = XCBuildConfiguration;
			buildSettings = {
				ALWAYS_EMBED_SWIFT_STANDARD_LIBRARIES = YES;
				CODE_SIGN_STYLE = Automatic;
				CURRENT_PROJECT_VERSION = 1;
				DEVELOPMENT_TEAM = 363SNWAACJ;
				GENERATE_INFOPLIST_FILE = YES;
				MARKETING_VERSION = 1.0;
				PRODUCT_BUNDLE_IDENTIFIER = "bravrr.bounceme.net.gogo-gs-webviewUITests";
				PRODUCT_NAME = "$(TARGET_NAME)";
				SWIFT_EMIT_LOC_STRINGS = NO;
				SWIFT_VERSION = 5.0;
				TARGETED_DEVICE_FAMILY = "1,2";
				TEST_TARGET_NAME = gogo.gs_webview;
			};
			name = Release;
		};
/* End XCBuildConfiguration section */

/* Begin XCConfigurationList section */
		FA31737D284940B40056DBBF /* Build configuration list for PBXProject "gogo.gs_webview" */ = {
			isa = XCConfigurationList;
			buildConfigurations = (
				FA3173AA284940B60056DBBF /* Debug */,
				FA3173AB284940B60056DBBF /* Release */,
			);
			defaultConfigurationIsVisible = 0;
			defaultConfigurationName = Release;
		};
		FA3173AC284940B60056DBBF /* Build configuration list for PBXNativeTarget "gogo.gs_webview" */ = {
			isa = XCConfigurationList;
			buildConfigurations = (
				FA3173AD284940B60056DBBF /* Debug */,
				FA3173AE284940B60056DBBF /* Release */,
			);
			defaultConfigurationIsVisible = 0;
			defaultConfigurationName = Release;
		};
		FA3173AF284940B60056DBBF /* Build configuration list for PBXNativeTarget "gogo.gs_webviewTests" */ = {
			isa = XCConfigurationList;
			buildConfigurations = (
				FA3173B0284940B60056DBBF /* Debug */,
				FA3173B1284940B60056DBBF /* Release */,
			);
			defaultConfigurationIsVisible = 0;
			defaultConfigurationName = Release;
		};
		FA3173B2284940B60056DBBF /* Build configuration list for PBXNativeTarget "gogo.gs_webviewUITests" */ = {
			isa = XCConfigurationList;
			buildConfigurations = (
				FA3173B3284940B60056DBBF /* Debug */,
				FA3173B4284940B60056DBBF /* Release */,
			);
			defaultConfigurationIsVisible = 0;
			defaultConfigurationName = Release;
		};
/* End XCConfigurationList section */
	};
	rootObject = FA31737A284940B40056DBBF /* Project object */;
}
